# THIS IS AN AUTOGENERATED FILE. DO NOT EDIT THIS FILE DIRECTLY.
# yarn lockfile v1


"@turbo/darwin-64@2.9.3":
  version "2.9.3"
  resolved "https://registry.yarnpkg.com/@turbo/darwin-64/-/darwin-64-2.9.3.tgz#5d782d341ddebc20822d09ba1393238d4467ae7b"
  integrity sha512-P8foouaP+y/p+hhEGBoZpzMbpVvUMwPjDpcy6wN7EYfvvyISD1USuV27qWkczecihwuPJzQ1lDBuL8ERcavTyg==

"@turbo/darwin-arm64@2.9.3":
  version "2.9.3"
  resolved "https://registry.yarnpkg.com/@turbo/darwin-arm64/-/darwin-arm64-2.9.3.tgz#75cd662d9c2a572532ce82d7cae1a30e2497d693"
  integrity sha512-SIzEkvtNdzdI50FJDaIQ6kQGqgSSdFPcdn0wqmmONN6iGKjy6hsT+EH99GP65FsfV7DLZTh2NmtTIRl2kdoz5Q==

"@turbo/linux-64@2.9.3":
  version "2.9.3"
  resolved "https://registry.yarnpkg.com/@turbo/linux-64/-/linux-64-2.9.3.tgz#de693a996071654a0bea51c7ed9dc6fdc3950ae8"
  integrity sha512-pLRwFmcHHNBvsCySLS6OFabr/07kDT2pxEt/k6eBf/3asiVQZKJ7Rk88AafQx2aYA641qek4RsXvYO3JYpiBug==

"@turbo/linux-arm64@2.9.3":
  version "2.9.3"
  resolved "https://registry.yarnpkg.com/@turbo/linux-arm64/-/linux-arm64-2.9.3.tgz#88fc6fe572d83c5488eeae9b564b57c335f4d856"
  integrity sha512-gy6ApUroC2Nzv+qjGtE/uPNkhHAFU4c8God+zd5Aiv9L9uBgHlxVJpHT3XWl5xwlJZ2KWuMrlHTaS5kmNB+q1Q==

"@turbo/windows-64@2.9.3":
  version "2.9.3"
  resolved "https://registry.yarnpkg.com/@turbo/windows-64/-/windows-64-2.9.3.tgz#a7812e4f33972f74daed93b2ac8845f88a68c775"
  integrity sha512-d0YelTX6hAsB7kIEtGB3PzIzSfAg3yDoUlHwuwJc3adBXUsyUIs0YLG+1NNtuhcDOUGnWQeKUoJ2pGWvbpRj7w==

"@turbo/windows-arm64@2.9.3":
  version "2.9.3"
  resolved "https://registry.yarnpkg.com/@turbo/windows-arm64/-/windows-arm64-2.9.3.tgz#1891a89fe87d501e63a7a4367082f3afec18fa6f"
  integrity sha512-/08CwpKJl3oRY8nOlh2YgilZVJDHsr60XTNxRhuDeuFXONpUZ5X+Nv65izbG/xBew9qxcJFbDX9/sAmAX+ITcQ==

"@types/node@^24.2.1":
  version "24.12.0"
  resolved "https://registry.yarnpkg.com/@types/node/-/node-24.12.0.tgz#6222e028210e5322e4f4f6767f8d88e5ea3b33d2"
  integrity sha512-GYDxsZi3ChgmckRT9HPU0WEhKLP08ev/Yfcq2AstjrDASOYCSXeyjDsHg4v5t4jOj7cyDX3vmprafKlWIG9MXQ==
  dependencies:
    undici-types "~7.16.0"

turbo@^2.7.3:
  version "2.9.3"
  resolved "https://registry.yarnpkg.com/turbo/-/turbo-2.9.3.tgz#4f0adf2c8677edd7b46d400629c99e9e26e58e44"
  integrity sha512-J/VUvsGRykPb9R8Kh8dHVBOqioDexLk9BhLCU/ZybRR+HN9UR3cURdazFvNgMDt9zPP8TF6K73Z+tplfmi0PqQ==
  optionalDependencies:
    "@turbo/darwin-64" "2.9.3"
    "@turbo/darwin-arm64" "2.9.3"
    "@turbo/linux-64" "2.9.3"
    "@turbo/linux-arm64" "2.9.3"
    "@turbo/windows-64" "2.9.3"
    "@turbo/windows-arm64" "2.9.3"

typescript@^5.9.3:
  version "5.9.3"
  resolved "https://registry.yarnpkg.com/typescript/-/typescript-5.9.3.tgz#5b4f59e15310ab17a216f5d6cf53ee476ede670f"
  integrity sha512-jl1vZzPDinLr9eUt3J/t7V6FgNEw9QjvBPdysz9KfQDD41fQrC2Y4vKQdiaUpFT4bXlb1RHhLpp8wtm6M5TgSw==

undici-types@~7.16.0:
  version "7.16.0"
  resolved "https://registry.yarnpkg.com/undici-types/-/undici-types-7.16.0.tgz#ffccdff36aea4884cbfce9a750a0580224f58a46"
  integrity sha512-Zz+aZWSj8LE6zoxD+xrjh4VfkIG8Ya6LvYkZqtUQGJPZjYl53ypCaUwWqo7eI0x66KBGeRo+mlBEkMSeSZ38Nw==
